# @generated by Move, please check-in and do not edit manually.

[move]
version = 0
manifest_digest = "626D8CFF4AE03E4D39347A9755DDEE0564B1CB0AFAB188B61D34F1695A37E487"
deps_digest = "112928C94A84031C09CD9B9D1D44B149B73FC0EEA5FA8D8B2D7CA4D91936335A"

dependencies = [
  { name = "Sui" },
]

[[move.package]]
name = "MoveStdlib"
source = { git = "https://github.com/MystenLabs/sui.git", rev = "testnet-v1.8.0", subdir = "crates/sui-framework/packages/move-stdlib" }

[[move.package]]
name = "Sui"
source = { git = "https://github.com/MystenLabs/sui.git", rev = "testnet-v1.8.0", subdir = "crates/sui-framework/packages/sui-framework" }

dependencies = [
  { name = "MoveStdlib" },
]
